
Microsoft Visual Studio Solution File, Format Version 12.00
# Visual Studio Version 17
VisualStudioVersion = 17.6.33829.357
MinimumVisualStudioVersion = 10.0.40219.1
Project("{FAE04EC0-301F-11D3-BF4B-00C04F79EFBC}") = "Eticket", "Eticket\Eticket.csproj", "{CA73D00D-E3F2-420E-8470-57EDEA2BCFE8}"
EndProject
Global
	GlobalSection(SolutionConfigurationPlatforms) = preSolution
		Debug|Any CPU = Debug|Any CPU
		Release|Any CPU = Release|Any CPU
	EndGlobalSection
	GlobalSection(ProjectConfigurationPlatforms) = postSolution
		{CA73D00D-E3F2-420E-8470-57EDEA2BCFE8}.Debug|Any CPU.ActiveCfg = Debug|Any CPU
		{CA73D00D-E3F2-420E-8470-57EDEA2BCFE8}.Debug|Any CPU.Build.0 = Debug|Any CPU
		{CA73D00D-E3F2-420E-8470-57EDEA2BCFE8}.Release|Any CPU.ActiveCfg = Release|Any CPU
		{CA73D00D-E3F2-420E-8470-57EDEA2BCFE8}.Release|Any CPU.Build.0 = Release|Any CPU
	EndGlobalSection
	GlobalSection(SolutionProperties) = preSolution
		HideSolutionNode = FALSE
	EndGlobalSection
	GlobalSection(ExtensibilityGlobals) = postSolution
		SolutionGuid = {647D9190-69F7-4800-87A2-15BCA7A3D76B}
	EndGlobalSection
EndGlobal
